
Microsoft Visual Studio Solution File, Format Version 12.00
# Visual Studio 15
VisualStudioVersion = 15.0.28010.2036
MinimumVisualStudioVersion = 10.0.40219.1
Project("{FAE04EC0-301F-11D3-BF4B-00C04F79EFBC}") = "EPAM.Task02.2.1. ROUND", "EPAM.Task02.2.1. ROUND\EPAM.Task02.2.1. ROUND.csproj", "{1B774BA0-CE6C-4610-92ED-FF8530E62FDD}"
EndProject
Global
	GlobalSection(SolutionConfigurationPlatforms) = preSolution
		Debug|Any CPU = Debug|Any CPU
		Release|Any CPU = Release|Any CPU
	EndGlobalSection
	GlobalSection(ProjectConfigurationPlatforms) = postSolution
		{1B774BA0-CE6C-4610-92ED-FF8530E62FDD}.Debug|Any CPU.ActiveCfg = Debug|Any CPU
		{1B774BA0-CE6C-4610-92ED-FF8530E62FDD}.Debug|Any CPU.Build.0 = Debug|Any CPU
		{1B774BA0-CE6C-4610-92ED-FF8530E62FDD}.Release|Any CPU.ActiveCfg = Release|Any CPU
		{1B774BA0-CE6C-4610-92ED-FF8530E62FDD}.Release|Any CPU.Build.0 = Release|Any CPU
	EndGlobalSection
	GlobalSection(SolutionProperties) = preSolution
		HideSolutionNode = FALSE
	EndGlobalSection
	GlobalSection(ExtensibilityGlobals) = postSolution
		SolutionGuid = {F6CF0171-A51B-4440-9AAC-8166300AF9B2}
	EndGlobalSection
EndGlobal
